// !$*UTF8*$!
{
	archiveVersion = 1;
	classes = {
	};
	objectVersion = 50;
	objects = {

/* Begin PBXBuildFile section */
		AEF5EABC23FB86AB0038D07E /* AppDelegate.swift in Sources */ = {isa = PBXBuildFile; fileRef = AEF5EABB23FB86AB0038D07E /* AppDelegate.swift */; };
		AEF5EABE23FB86AB0038D07E /* SceneDelegate.swift in Sources */ = {isa = PBXBuildFile; fileRef = AEF5EABD23FB86AB0038D07E /* SceneDelegate.swift */; };
		AEF5EAC023FB86AB0038D07E /* ViewController.swift in Sources */ = {isa = PBXBuildFile; fileRef = AEF5EABF23FB86AB0038D07E /* ViewController.swift */; };
		AEF5EAC323FB86AB0038D07E /* Main.storyboard in Resources */ = {isa = PBXBuildFile; fileRef = AEF5EAC123FB86AB0038D07E /* Main.storyboard */; };
		AEF5EAC523FB86AD0038D07E /* Assets.xcassets in Resources */ = {isa = PBXBuildFile; fileRef = AEF5EAC423FB86AD0038D07E /* Assets.xcassets */; };
		AEF5EAC823FB86AD0038D07E /* LaunchScreen.storyboard in Resources */ = {isa = PBXBuildFile; fileRef = AEF5EAC623FB86AD0038D07E /* LaunchScreen.storyboard */; };
		AEF5EAD023FB872C0038D07E /* AudioPlayer.swift in Sources */ = {isa = PBXBuildFile; fileRef = AEF5EACF23FB872C0038D07E /* AudioPlayer.swift */; };
/* End PBXBuildFile section */

/* Begin PBXFileReference section */
		AEF5EAB823FB86AB0038D07E /* observer.app */ = {isa = PBXFileReference; explicitFileType = wrapper.application; includeInIndex = 0; path = observer.app; sourceTree = BUILT_PRODUCTS_DIR; };
		AEF5EABB23FB86AB0038D07E /* AppDelegate.swift */ = {isa = PBXFileReference; lastKnownFileType = sourcecode.swift; path = AppDelegate.swift; sourceTree = "<group>"; };
		AEF5EABD23FB86AB0038D07E /* SceneDelegate.swift */ = {isa = PBXFileReference; lastKnownFileType = sourcecode.swift; path = SceneDelegate.swift; sourceTree = "<group>"; };
		AEF5EABF23FB86AB0038D07E /* ViewController.swift */ = {isa = PBXFileReference; lastKnownFileType = sourcecode.swift; path = ViewController.swift; sourceTree = "<group>"; };
		AEF5EAC223FB86AB0038D07E /* Base */ = {isa = PBXFileReference; lastKnownFileType = file.storyboard; name = Base; path = Base.lproj/Main.storyboard; sourceTree = "<group>"; };
		AEF5EAC423FB86AD0038D07E /* Assets.xcassets */ = {isa = PBXFileReference; lastKnownFileType = folder.assetcatalog; path = Assets.xcassets; sourceTree = "<group>"; };
		AEF5EAC723FB86AD0038D07E /* Base */ = {isa = PBXFileReference; lastKnownFileType = file.storyboard; name = Base; path = Base.lproj/LaunchScreen.storyboard; sourceTree = "<group>"; };
		AEF5EAC923FB86AD0038D07E /* Info.plist */ = {isa = PBXFileReference; lastKnownFileType = text.plist.xml; path = Info.plist; sourceTree = "<group>"; };
		AEF5EACF23FB872C0038D07E /* AudioPlayer.swift */ = {isa = PBXFileReference; lastKnownFileType = sourcecode.swift; path = AudioPlayer.swift; sourceTree = "<group>"; };
/* End PBXFileReference section */

/* Begin PBXFrameworksBuildPhase section */
		AEF5EAB523FB86AB0038D07E /* Frameworks */ = {
			isa = PBXFrameworksBuildPhase;
			buildActionMask = 2147483647;
			files = (
			);
			runOnlyForDeploymentPostprocessing = 0;
		};
/* End PBXFrameworksBuildPhase section */

/* Begin PBXGroup section */
		AEF5EAAF23FB86AB0038D07E = {
			isa = PBXGroup;
			children = (
				AEF5EABA23FB86AB0038D07E /* observer */,
				AEF5EAB923FB86AB0038D07E /* Products */,
			);
			sourceTree = "<group>";
		};
		AEF5EAB923FB86AB0038D07E /* Products */ = {
			isa = PBXGroup;
			children = (
				AEF5EAB823FB86AB0038D07E /* observer.app */,
			);
			name = Products;
			sourceTree = "<group>";
		};
		AEF5EABA23FB86AB0038D07E /* observer */ = {
			isa = PBXGroup;
			children = (
				AEF5EABB23FB86AB0038D07E /* AppDelegate.swift */,
				AEF5EABD23FB86AB0038D07E /* SceneDelegate.swift */,
				AEF5EABF23FB86AB0038D07E /* ViewController.swift */,
				AEF5EACF23FB872C0038D07E /* AudioPlayer.swift */,
				AEF5EAC123FB86AB0038D07E /* Main.storyboard */,
				AEF5EAC423FB86AD0038D07E /* Assets.xcassets */,
				AEF5EAC623FB86AD0038D07E /* LaunchScreen.storyboard */,
				AEF5EAC923FB86AD0038D07E /* Info.plist */,
			);
			path = observer;
			sourceTree = "<group>";
		};
/* End PBXGroup section */

/* Begin PBXNativeTarget section */
		AEF5EAB723FB86AB0038D07E /* observer */ = {
			isa = PBXNativeTarget;
			buildConfigurationList = AEF5EACC23FB86AD0038D07E /* Build configuration list for PBXNativeTarget "observer" */;
			buildPhases = (
				AEF5EAB423FB86AB0038D07E /* Sources */,
				AEF5EAB523FB86AB0038D07E /* Frameworks */,
				AEF5EAB623FB86AB0038D07E /* Resources */,
			);
			buildRules = (
			);
			dependencies = (
			);
			name = observer;
			productName = observer;
			productReference = AEF5EAB823FB86AB0038D07E /* observer.app */;
			productType = "com.apple.product-type.application";
		};
/* End PBXNativeTarget section */

/* Begin PBXProject section */
		AEF5EAB023FB86AB0038D07E /* Project object */ = {
			isa = PBXProject;
			attributes = {
				LastSwiftUpdateCheck = 1130;
				LastUpgradeCheck = 1130;
				ORGANIZATIONNAME = Cloud;
				TargetAttributes = {
					AEF5EAB723FB86AB0038D07E = {
						CreatedOnToolsVersion = 11.3.1;
					};
				};
			};
			buildConfigurationList = AEF5EAB323FB86AB0038D07E /* Build configuration list for PBXProject "observer" */;
			compatibilityVersion = "Xcode 9.3";
			developmentRegion = en;
			hasScannedForEncodings = 0;
			knownRegions = (
				en,
				Base,
			);
			mainGroup = AEF5EAAF23FB86AB0038D07E;
			productRefGroup = AEF5EAB923FB86AB0038D07E /* Products */;
			projectDirPath = "";
			projectRoot = "";
			targets = (
				AEF5EAB723FB86AB0038D07E /* observer */,
			);
		};
/* End PBXProject section */

/* Begin PBXResourcesBuildPhase section */
		AEF5EAB623FB86AB0038D07E /* Resources */ = {
			isa = PBXResourcesBuildPhase;
			buildActionMask = 2147483647;
			files = (
				AEF5EAC823FB86AD0038D07E /* LaunchScreen.storyboard in Resources */,
				AEF5EAC523FB86AD0038D07E /* Assets.xcassets in Resources */,
				AEF5EAC323FB86AB0038D07E /* Main.storyboard in Resources */,
			);
			runOnlyForDeploymentPostprocessing = 0;
		};
/* End PBXResourcesBuildPhase section */

/* Begin PBXSourcesBuildPhase section */
		AEF5EAB423FB86AB0038D07E /* Sources */ = {
			isa = PBXSourcesBuildPhase;
			buildActionMask = 2147483647;
			files = (
				AEF5EAC023FB86AB0038D07E /* ViewController.swift in Sources */,
				AEF5EABC23FB86AB0038D07E /* AppDelegate.swift in Sources */,
				AEF5EABE23FB86AB0038D07E /* SceneDelegate.swift in Sources */,
				AEF5EAD023FB872C0038D07E /* AudioPlayer.swift in Sources */,
			);
			runOnlyForDeploymentPostprocessing = 0;
		};
/* End PBXSourcesBuildPhase section */

/* Begin PBXVariantGroup section */
		AEF5EAC123FB86AB0038D07E /* Main.storyboard */ = {
			isa = PBXVariantGroup;
			children = (
				AEF5EAC223FB86AB0038D07E /* Base */,
			);
			name = Main.storyboard;
			sourceTree = "<group>";
		};
		AEF5EAC623FB86AD0038D07E /* LaunchScreen.storyboard */ = {
			isa = PBXVariantGroup;
			children = (
				AEF5EAC723FB86AD0038D07E /* Base */,
			);
			name = LaunchScreen.storyboard;
			sourceTree = "<group>";
		};
/* End PBXVariantGroup section */

/* Begin XCBuildConfiguration section */
		AEF5EACA23FB86AD0038D07E /* Debug */ = {
			isa = XCBuildConfiguration;
			buildSettings = {
				ALWAYS_SEARCH_USER_PATHS = NO;
				CLANG_ANALYZER_NONNULL = YES;
				CLANG_ANALYZER_NUMBER_OBJECT_CONVERSION = YES_AGGRESSIVE;
				CLANG_CXX_LANGUAGE_STANDARD = "gnu++14";
				CLANG_CXX_LIBRARY = "libc++";
				CLANG_ENABLE_MODULES = YES;
				CLANG_ENABLE_OBJC_ARC = YES;
				CLANG_ENABLE_OBJC_WEAK = YES;
				CLANG_WARN_BLOCK_CAPTURE_AUTORELEASING = YES;
				CLANG_WARN_BOOL_CONVERSION = YES;
				CLANG_WARN_COMMA = YES;
				CLANG_WARN_CONSTANT_CONVERSION = YES;
				CLANG_WARN_DEPRECATED_OBJC_IMPLEMENTATIONS = YES;
				CLANG_WARN_DIRECT_OBJC_ISA_USAGE = YES_ERROR;
				CLANG_WARN_DOCUMENTATION_COMMENTS = YES;
				CLANG_WARN_EMPTY_BODY = YES;
				CLANG_WARN_ENUM_CONVERSION = YES;
				CLANG_WARN_INFINITE_RECURSION = YES;
				CLANG_WARN_INT_CONVERSION = YES;
				CLANG_WARN_NON_LITERAL_NULL_CONVERSION = YES;
				CLANG_WARN_OBJC_IMPLICIT_RETAIN_SELF = YES;
				CLANG_WARN_OBJC_LITERAL_CONVERSION = YES;
				CLANG_WARN_OBJC_ROOT_CLASS = YES_ERROR;
				CLANG_WARN_RANGE_LOOP_ANALYSIS = YES;
				CLANG_WARN_STRICT_PROTOTYPES = YES;
				CLANG_WARN_SUSPICIOUS_MOVE = YES;
				CLANG_WARN_UNGUARDED_AVAILABILITY = YES_AGGRESSIVE;
				CLANG_WARN_UNREACHABLE_CODE = YES;
				CLANG_WARN__DUPLICATE_METHOD_MATCH = YES;
				COPY_PHASE_STRIP = NO;
				DEBUG_INFORMATION_FORMAT = dwarf;
				ENABLE_STRICT_OBJC_MSGSEND = YES;
				ENABLE_TESTABILITY = YES;
				GCC_C_LANGUAGE_STANDARD = gnu11;
				GCC_DYNAMIC_NO_PIC = NO;
				GCC_NO_COMMON_BLOCKS = YES;
				GCC_OPTIMIZATION_LEVEL = 0;
				GCC_PREPROCESSOR_DEFINITIONS = (
					"DEBUG=1",
					"$(inherited)",
				);
				GCC_WARN_64_TO_32_BIT_CONVERSION = YES;
				GCC_WARN_ABOUT_RETURN_TYPE = YES_ERROR;
				GCC_WARN_UNDECLARED_SELECTOR = YES;
				GCC_WARN_UNINITIALIZED_AUTOS = YES_AGGRESSIVE;
				GCC_WARN_UNUSED_FUNCTION = YES;
				GCC_WARN_UNUSED_VARIABLE = YES;
				IPHONEOS_DEPLOYMENT_TARGET = 13.2;
				MTL_ENABLE_DEBUG_INFO = INCLUDE_SOURCE;
				MTL_FAST_MATH = YES;
				ONLY_ACTIVE_ARCH = YES;
				SDKROOT = iphoneos;
				SWIFT_ACTIVE_COMPILATION_CONDITIONS = DEBUG;
				SWIFT_OPTIMIZATION_LEVEL = "-Onone";
			};
			name = Debug;
		};
		AEF5EACB23FB86AD0038D07E /* Release */ = {
			isa = XCBuildConfiguration;
			buildSettings = {
				ALWAYS_SEARCH_USER_PATHS = NO;
				CLANG_ANALYZER_NONNULL = YES;
				CLANG_ANALYZER_NUMBER_OBJECT_CONVERSION = YES_AGGRESSIVE;
				CLANG_CXX_LANGUAGE_STANDARD = "gnu++14";
				CLANG_CXX_LIBRARY = "libc++";
				CLANG_ENABLE_MODULES = YES;
				CLANG_ENABLE_OBJC_ARC = YES;
				CLANG_ENABLE_OBJC_WEAK = YES;
				CLANG_WARN_BLOCK_CAPTURE_AUTORELEASING = YES;
				CLANG_WARN_BOOL_CONVERSION = YES;
				CLANG_WARN_COMMA = YES;
				CLANG_WARN_CONSTANT_CONVERSION = YES;
				CLANG_WARN_DEPRECATED_OBJC_IMPLEMENTATIONS = YES;
				CLANG_WARN_DIRECT_OBJC_ISA_USAGE = YES_ERROR;
				CLANG_WARN_DOCUMENTATION_COMMENTS = YES;
				CLANG_WARN_EMPTY_BODY = YES;
				CLANG_WARN_ENUM_CONVERSION = YES;
				CLANG_WARN_INFINITE_RECURSION = YES;
				CLANG_WARN_INT_CONVERSION = YES;
				CLANG_WARN_NON_LITERAL_NULL_CONVERSION = YES;
				CLANG_WARN_OBJC_IMPLICIT_RETAIN_SELF = YES;
				CLANG_WARN_OBJC_LITERAL_CONVERSION = YES;
				CLANG_WARN_OBJC_ROOT_CLASS = YES_ERROR;
				CLANG_WARN_RANGE_LOOP_ANALYSIS = YES;
				CLANG_WARN_STRICT_PROTOTYPES = YES;
				CLANG_WARN_SUSPICIOUS_MOVE = YES;
				CLANG_WARN_UNGUARDED_AVAILABILITY = YES_AGGRESSIVE;
				CLANG_WARN_UNREACHABLE_CODE = YES;
				CLANG_WARN__DUPLICATE_METHOD_MATCH = YES;
				COPY_PHASE_STRIP = NO;
				DEBUG_INFORMATION_FORMAT = "dwarf-with-dsym";
				ENABLE_NS_ASSERTIONS = NO;
				ENABLE_STRICT_OBJC_MSGSEND = YES;
				GCC_C_LANGUAGE_STANDARD = gnu11;
				GCC_NO_COMMON_BLOCKS = YES;
				GCC_WARN_64_TO_32_BIT_CONVERSION = YES;
				GCC_WARN_ABOUT_RETURN_TYPE = YES_ERROR;
				GCC_WARN_UNDECLARED_SELECTOR = YES;
				GCC_WARN_UNINITIALIZED_AUTOS = YES_AGGRESSIVE;
				GCC_WARN_UNUSED_FUNCTION = YES;
				GCC_WARN_UNUSED_VARIABLE = YES;
				IPHONEOS_DEPLOYMENT_TARGET = 13.2;
				MTL_ENABLE_DEBUG_INFO = NO;
				MTL_FAST_MATH = YES;
				SDKROOT = iphoneos;
				SWIFT_COMPILATION_MODE = wholemodule;
				SWIFT_OPTIMIZATION_LEVEL = "-O";
				VALIDATE_PRODUCT = YES;
			};
			name = Release;
		};
		AEF5EACD23FB86AD0038D07E /* Debug */ = {
			isa = XCBuildConfiguration;
			buildSettings = {
				ASSETCATALOG_COMPILER_APPICON_NAME = AppIcon;
				CODE_SIGN_STYLE = Automatic;
				DEVELOPMENT_TEAM = 6HG325P9V2;
				INFOPLIST_FILE = observer/Info.plist;
				LD_RUNPATH_SEARCH_PATHS = (
					"$(inherited)",
					"@executable_path/Frameworks",
				);
				PRODUCT_BUNDLE_IDENTIFIER = cLoud.observer;
				PRODUCT_NAME = "$(TARGET_NAME)";
				SWIFT_VERSION = 5.0;
				TARGETED_DEVICE_FAMILY = "1,2";
			};
			name = Debug;
		};
		AEF5EACE23FB86AD0038D07E /* Release */ = {
			isa = XCBuildConfiguration;
			buildSettings = {
				ASSETCATALOG_COMPILER_APPICON_NAME = AppIcon;
				CODE_SIGN_STYLE = Automatic;
				DEVELOPMENT_TEAM = 6HG325P9V2;
				INFOPLIST_FILE = observer/Info.plist;
				LD_RUNPATH_SEARCH_PATHS = (
					"$(inherited)",
					"@executable_path/Frameworks",
				);
				PRODUCT_BUNDLE_IDENTIFIER = cLoud.observer;
				PRODUCT_NAME = "$(TARGET_NAME)";
				SWIFT_VERSION = 5.0;
				TARGETED_DEVICE_FAMILY = "1,2";
			};
			name = Release;
		};
/* End XCBuildConfiguration section */

/* Begin XCConfigurationList section */
		AEF5EAB323FB86AB0038D07E /* Build configuration list for PBXProject "observer" */ = {
			isa = XCConfigurationList;
			buildConfigurations = (
				AEF5EACA23FB86AD0038D07E /* Debug */,
				AEF5EACB23FB86AD0038D07E /* Release */,
			);
			defaultConfigurationIsVisible = 0;
			defaultConfigurationName = Release;
		};
		AEF5EACC23FB86AD0038D07E /* Build configuration list for PBXNativeTarget "observer" */ = {
			isa = XCConfigurationList;
			buildConfigurations = (
				AEF5EACD23FB86AD0038D07E /* Debug */,
				AEF5EACE23FB86AD0038D07E /* Release */,
			);
			defaultConfigurationIsVisible = 0;
			defaultConfigurationName = Release;
		};
/* End XCConfigurationList section */
	};
	rootObject = AEF5EAB023FB86AB0038D07E /* Project object */;
}
